
Microsoft Visual Studio Solution File, Format Version 12.00
# Visual Studio Version 17
VisualStudioVersion = 17.11.35222.181
MinimumVisualStudioVersion = 10.0.40219.1
Project("{FAE04EC0-301F-11D3-BF4B-00C04F79EFBC}") = "Greetings", "Greetings\Greetings.csproj", "{765281D2-B85F-475B-9CE4-3E26262E7435}"
EndProject
Global
	GlobalSection(SolutionConfigurationPlatforms) = preSolution
		Debug|Any CPU = Debug|Any CPU
		Release|Any CPU = Release|Any CPU
	EndGlobalSection
	GlobalSection(ProjectConfigurationPlatforms) = postSolution
		{765281D2-B85F-475B-9CE4-3E26262E7435}.Debug|Any CPU.ActiveCfg = Debug|Any CPU
		{765281D2-B85F-475B-9CE4-3E26262E7435}.Debug|Any CPU.Build.0 = Debug|Any CPU
		{765281D2-B85F-475B-9CE4-3E26262E7435}.Release|Any CPU.ActiveCfg = Release|Any CPU
		{765281D2-B85F-475B-9CE4-3E26262E7435}.Release|Any CPU.Build.0 = Release|Any CPU
	EndGlobalSection
	GlobalSection(SolutionProperties) = preSolution
		HideSolutionNode = FALSE
	EndGlobalSection
	GlobalSection(ExtensibilityGlobals) = postSolution
		SolutionGuid = {DC538135-D1A0-4C92-A92E-6858E2B15602}
	EndGlobalSection
EndGlobal
